
Microsoft Visual Studio Solution File, Format Version 12.00
# Visual Studio 15
VisualStudioVersion = 15.0.28010.2050
MinimumVisualStudioVersion = 10.0.40219.1
Project("{FAE04EC0-301F-11D3-BF4B-00C04F79EFBC}") = "InheritanceExercise", "InheritanceExercise\InheritanceExercise.csproj", "{D6BC31D5-57A2-4E17-9AF6-E6C92D21597A}"
EndProject
Global
	GlobalSection(SolutionConfigurationPlatforms) = preSolution
		Debug|Any CPU = Debug|Any CPU
		Release|Any CPU = Release|Any CPU
	EndGlobalSection
	GlobalSection(ProjectConfigurationPlatforms) = postSolution
		{D6BC31D5-57A2-4E17-9AF6-E6C92D21597A}.Debug|Any CPU.ActiveCfg = Debug|Any CPU
		{D6BC31D5-57A2-4E17-9AF6-E6C92D21597A}.Debug|Any CPU.Build.0 = Debug|Any CPU
		{D6BC31D5-57A2-4E17-9AF6-E6C92D21597A}.Release|Any CPU.ActiveCfg = Release|Any CPU
		{D6BC31D5-57A2-4E17-9AF6-E6C92D21597A}.Release|Any CPU.Build.0 = Release|Any CPU
	EndGlobalSection
	GlobalSection(SolutionProperties) = preSolution
		HideSolutionNode = FALSE
	EndGlobalSection
	GlobalSection(ExtensibilityGlobals) = postSolution
		SolutionGuid = {18AD8644-69C7-444F-A262-D0D5832C747B}
	EndGlobalSection
EndGlobal
