
Microsoft Visual Studio Solution File, Format Version 12.00
# Visual Studio 15
VisualStudioVersion = 15.0.28010.2019
MinimumVisualStudioVersion = 10.0.40219.1
Project("{FAE04EC0-301F-11D3-BF4B-00C04F79EFBC}") = "ReferenceTypes_ValueTypes_v2", "ReferenceTypes_ValueTypes_v2\ReferenceTypes_ValueTypes_v2.csproj", "{6660A637-FDA2-4F54-B310-D403950AD568}"
EndProject
Global
	GlobalSection(SolutionConfigurationPlatforms) = preSolution
		Debug|Any CPU = Debug|Any CPU
		Release|Any CPU = Release|Any CPU
	EndGlobalSection
	GlobalSection(ProjectConfigurationPlatforms) = postSolution
		{6660A637-FDA2-4F54-B310-D403950AD568}.Debug|Any CPU.ActiveCfg = Debug|Any CPU
		{6660A637-FDA2-4F54-B310-D403950AD568}.Debug|Any CPU.Build.0 = Debug|Any CPU
		{6660A637-FDA2-4F54-B310-D403950AD568}.Release|Any CPU.ActiveCfg = Release|Any CPU
		{6660A637-FDA2-4F54-B310-D403950AD568}.Release|Any CPU.Build.0 = Release|Any CPU
	EndGlobalSection
	GlobalSection(SolutionProperties) = preSolution
		HideSolutionNode = FALSE
	EndGlobalSection
	GlobalSection(ExtensibilityGlobals) = postSolution
		SolutionGuid = {0E29CB0F-34B6-4363-B7B1-1A8D5DDB4EDA}
	EndGlobalSection
EndGlobal
