
Microsoft Visual Studio Solution File, Format Version 12.00
# Visual Studio 15
VisualStudioVersion = 15.0.28010.2048
MinimumVisualStudioVersion = 10.0.40219.1
Project("{FAE04EC0-301F-11D3-BF4B-00C04F79EFBC}") = "BoxingUnboxing", "BoxingUnboxing\BoxingUnboxing.csproj", "{18B55DCE-DBF4-4A9E-B9EE-F35192264311}"
EndProject
Global
	GlobalSection(SolutionConfigurationPlatforms) = preSolution
		Debug|Any CPU = Debug|Any CPU
		Release|Any CPU = Release|Any CPU
	EndGlobalSection
	GlobalSection(ProjectConfigurationPlatforms) = postSolution
		{18B55DCE-DBF4-4A9E-B9EE-F35192264311}.Debug|Any CPU.ActiveCfg = Debug|Any CPU
		{18B55DCE-DBF4-4A9E-B9EE-F35192264311}.Debug|Any CPU.Build.0 = Debug|Any CPU
		{18B55DCE-DBF4-4A9E-B9EE-F35192264311}.Release|Any CPU.ActiveCfg = Release|Any CPU
		{18B55DCE-DBF4-4A9E-B9EE-F35192264311}.Release|Any CPU.Build.0 = Release|Any CPU
	EndGlobalSection
	GlobalSection(SolutionProperties) = preSolution
		HideSolutionNode = FALSE
	EndGlobalSection
	GlobalSection(ExtensibilityGlobals) = postSolution
		SolutionGuid = {EC794242-84DD-47ED-ABB6-9A06C82246B0}
	EndGlobalSection
EndGlobal
