
Microsoft Visual Studio Solution File, Format Version 12.00
# Visual Studio 15
VisualStudioVersion = 15.0.28010.2019
MinimumVisualStudioVersion = 10.0.40219.1
Project("{FAE04EC0-301F-11D3-BF4B-00C04F79EFBC}") = "Answers", "Answers\Answers.csproj", "{FC09ED68-2E92-453C-9BD3-9C887B3B368D}"
EndProject
Global
	GlobalSection(SolutionConfigurationPlatforms) = preSolution
		Debug|Any CPU = Debug|Any CPU
		Release|Any CPU = Release|Any CPU
	EndGlobalSection
	GlobalSection(ProjectConfigurationPlatforms) = postSolution
		{FC09ED68-2E92-453C-9BD3-9C887B3B368D}.Debug|Any CPU.ActiveCfg = Debug|Any CPU
		{FC09ED68-2E92-453C-9BD3-9C887B3B368D}.Debug|Any CPU.Build.0 = Debug|Any CPU
		{FC09ED68-2E92-453C-9BD3-9C887B3B368D}.Release|Any CPU.ActiveCfg = Release|Any CPU
		{FC09ED68-2E92-453C-9BD3-9C887B3B368D}.Release|Any CPU.Build.0 = Release|Any CPU
	EndGlobalSection
	GlobalSection(SolutionProperties) = preSolution
		HideSolutionNode = FALSE
	EndGlobalSection
	GlobalSection(ExtensibilityGlobals) = postSolution
		SolutionGuid = {819934F7-2608-4869-A094-3ABF6D68DAFB}
	EndGlobalSection
EndGlobal
