
Microsoft Visual Studio Solution File, Format Version 12.00
# Visual Studio 15
VisualStudioVersion = 15.0.28010.2036
MinimumVisualStudioVersion = 10.0.40219.1
Project("{FAE04EC0-301F-11D3-BF4B-00C04F79EFBC}") = "PathClass", "PathClass\PathClass.csproj", "{31AD0E69-69F5-4050-B4B5-016028716F18}"
EndProject
Global
	GlobalSection(SolutionConfigurationPlatforms) = preSolution
		Debug|Any CPU = Debug|Any CPU
		Release|Any CPU = Release|Any CPU
	EndGlobalSection
	GlobalSection(ProjectConfigurationPlatforms) = postSolution
		{31AD0E69-69F5-4050-B4B5-016028716F18}.Debug|Any CPU.ActiveCfg = Debug|Any CPU
		{31AD0E69-69F5-4050-B4B5-016028716F18}.Debug|Any CPU.Build.0 = Debug|Any CPU
		{31AD0E69-69F5-4050-B4B5-016028716F18}.Release|Any CPU.ActiveCfg = Release|Any CPU
		{31AD0E69-69F5-4050-B4B5-016028716F18}.Release|Any CPU.Build.0 = Release|Any CPU
	EndGlobalSection
	GlobalSection(SolutionProperties) = preSolution
		HideSolutionNode = FALSE
	EndGlobalSection
	GlobalSection(ExtensibilityGlobals) = postSolution
		SolutionGuid = {F48D20A2-B25F-45E7-A937-3EE6C08CD133}
	EndGlobalSection
EndGlobal
